
Microsoft Visual Studio Solution File, Format Version 12.00
# Visual Studio Version 16
VisualStudioVersion = 16.0.30717.126
MinimumVisualStudioVersion = 10.0.40219.1
Project("{FAE04EC0-301F-11D3-BF4B-00C04F79EFBC}") = "NeuralNetwork", "NeuralNetwork\NeuralNetwork.csproj", "{1A58FA2D-EE85-4D46-9D13-1014B179D04F}"
EndProject
Global
	GlobalSection(SolutionConfigurationPlatforms) = preSolution
		Debug|Any CPU = Debug|Any CPU
		Release|Any CPU = Release|Any CPU
	EndGlobalSection
	GlobalSection(ProjectConfigurationPlatforms) = postSolution
		{1A58FA2D-EE85-4D46-9D13-1014B179D04F}.Debug|Any CPU.ActiveCfg = Debug|Any CPU
		{1A58FA2D-EE85-4D46-9D13-1014B179D04F}.Debug|Any CPU.Build.0 = Debug|Any CPU
		{1A58FA2D-EE85-4D46-9D13-1014B179D04F}.Release|Any CPU.ActiveCfg = Release|Any CPU
		{1A58FA2D-EE85-4D46-9D13-1014B179D04F}.Release|Any CPU.Build.0 = Release|Any CPU
	EndGlobalSection
	GlobalSection(SolutionProperties) = preSolution
		HideSolutionNode = FALSE
	EndGlobalSection
	GlobalSection(ExtensibilityGlobals) = postSolution
		SolutionGuid = {7750CA6E-549D-4518-B3BA-DE98CA06B729}
	EndGlobalSection
EndGlobal
